// !$*UTF8*$!
{
	archiveVersion = 1;
	classes = {
	};
	objectVersion = 48;
	objects = {

/* Begin PBXBuildFile section */
		8B80317A93B1C79D10F7A7CE /* Pods_Lin.framework in Frameworks */ = {isa = PBXBuildFile; fileRef = 68F3A888D3EA06457FD00810 /* Pods_Lin.framework */; };
		A014B6BE204A91DE0053346A /* WordListViewController.swift in Sources */ = {isa = PBXBuildFile; fileRef = A014B6BD204A91DE0053346A /* WordListViewController.swift */; };
		A014B6C0204A921C0053346A /* WordListViewModel.swift in Sources */ = {isa = PBXBuildFile; fileRef = A014B6BF204A921C0053346A /* WordListViewModel.swift */; };
		A014B6C2204AB7930053346A /* HistoryViewController.swift in Sources */ = {isa = PBXBuildFile; fileRef = A014B6C1204AB7930053346A /* HistoryViewController.swift */; };
		A07526F5204FBE2200C997B1 /* GoogleService-Info.plist in Resources */ = {isa = PBXBuildFile; fileRef = A07526F4204FBE2200C997B1 /* GoogleService-Info.plist */; };
		A085723A204A782A00776E6D /* AppDelegate.swift in Sources */ = {isa = PBXBuildFile; fileRef = A0857239204A782A00776E6D /* AppDelegate.swift */; };
		A0857241204A782A00776E6D /* Main.storyboard in Resources */ = {isa = PBXBuildFile; fileRef = A085723F204A782A00776E6D /* Main.storyboard */; };
		A0857243204A782A00776E6D /* Assets.xcassets in Resources */ = {isa = PBXBuildFile; fileRef = A0857242204A782A00776E6D /* Assets.xcassets */; };
		A0857246204A782A00776E6D /* LaunchScreen.storyboard in Resources */ = {isa = PBXBuildFile; fileRef = A0857244204A782A00776E6D /* LaunchScreen.storyboard */; };
		A08B5E06204E6ECC00E13E0B /* UIColor.swift in Sources */ = {isa = PBXBuildFile; fileRef = A08B5E05204E6ECC00E13E0B /* UIColor.swift */; };
		A0A5B6FE204A7CE100BFCB68 /* Storyboard.swift in Sources */ = {isa = PBXBuildFile; fileRef = A0A5B6FD204A7CE100BFCB68 /* Storyboard.swift */; };
		A0A5B703204A85E400BFCB68 /* Word.swift in Sources */ = {isa = PBXBuildFile; fileRef = A0A5B702204A85E400BFCB68 /* Word.swift */; };
		A0A5B705204A869200BFCB68 /* AddWordViewController.swift in Sources */ = {isa = PBXBuildFile; fileRef = A0A5B704204A869200BFCB68 /* AddWordViewController.swift */; };
		A0A5B707204A8E4B00BFCB68 /* AddWordViewModel.swift in Sources */ = {isa = PBXBuildFile; fileRef = A0A5B706204A8E4B00BFCB68 /* AddWordViewModel.swift */; };
		A0CF7FAC204B4ACC002FD348 /* History.swift in Sources */ = {isa = PBXBuildFile; fileRef = A0CF7FAB204B4ACC002FD348 /* History.swift */; };
		A0CF7FAE204B4B80002FD348 /* Storage.swift in Sources */ = {isa = PBXBuildFile; fileRef = A0CF7FAD204B4B80002FD348 /* Storage.swift */; };
		A0CF7FB0204B4C22002FD348 /* Date.swift in Sources */ = {isa = PBXBuildFile; fileRef = A0CF7FAF204B4C22002FD348 /* Date.swift */; };
		A0CF7FB2204B6224002FD348 /* HistoryViewModel.swift in Sources */ = {isa = PBXBuildFile; fileRef = A0CF7FB1204B6224002FD348 /* HistoryViewModel.swift */; };
		A0CF7FB8204B90F8002FD348 /* QuizViewController.swift in Sources */ = {isa = PBXBuildFile; fileRef = A0CF7FB7204B90F8002FD348 /* QuizViewController.swift */; };
		A0EC0BB7204FC369000AC4A7 /* QuizViewModel.swift in Sources */ = {isa = PBXBuildFile; fileRef = A0EC0BB6204FC369000AC4A7 /* QuizViewModel.swift */; };
/* End PBXBuildFile section */

/* Begin PBXFileReference section */
		1B1613FB7F2BD3CB0FC4978F /* Pods-Lin.release.xcconfig */ = {isa = PBXFileReference; includeInIndex = 1; lastKnownFileType = text.xcconfig; name = "Pods-Lin.release.xcconfig"; path = "Pods/Target Support Files/Pods-Lin/Pods-Lin.release.xcconfig"; sourceTree = "<group>"; };
		68F3A888D3EA06457FD00810 /* Pods_Lin.framework */ = {isa = PBXFileReference; explicitFileType = wrapper.framework; includeInIndex = 0; path = Pods_Lin.framework; sourceTree = BUILT_PRODUCTS_DIR; };
		786822D59A927A5DDD28FAEE /* Pods-Lin.debug.xcconfig */ = {isa = PBXFileReference; includeInIndex = 1; lastKnownFileType = text.xcconfig; name = "Pods-Lin.debug.xcconfig"; path = "Pods/Target Support Files/Pods-Lin/Pods-Lin.debug.xcconfig"; sourceTree = "<group>"; };
		A014B6BD204A91DE0053346A /* WordListViewController.swift */ = {isa = PBXFileReference; lastKnownFileType = sourcecode.swift; path = WordListViewController.swift; sourceTree = "<group>"; };
		A014B6BF204A921C0053346A /* WordListViewModel.swift */ = {isa = PBXFileReference; lastKnownFileType = sourcecode.swift; path = WordListViewModel.swift; sourceTree = "<group>"; };
		A014B6C1204AB7930053346A /* HistoryViewController.swift */ = {isa = PBXFileReference; lastKnownFileType = sourcecode.swift; path = HistoryViewController.swift; sourceTree = "<group>"; };
		A07526F4204FBE2200C997B1 /* GoogleService-Info.plist */ = {isa = PBXFileReference; fileEncoding = 4; lastKnownFileType = text.plist.xml; path = "GoogleService-Info.plist"; sourceTree = "<group>"; };
		A0857236204A782A00776E6D /* Lin.app */ = {isa = PBXFileReference; explicitFileType = wrapper.application; includeInIndex = 0; path = Lin.app; sourceTree = BUILT_PRODUCTS_DIR; };
		A0857239204A782A00776E6D /* AppDelegate.swift */ = {isa = PBXFileReference; lastKnownFileType = sourcecode.swift; path = AppDelegate.swift; sourceTree = "<group>"; };
		A0857240204A782A00776E6D /* Base */ = {isa = PBXFileReference; lastKnownFileType = file.storyboard; name = Base; path = Base.lproj/Main.storyboard; sourceTree = "<group>"; };
		A0857242204A782A00776E6D /* Assets.xcassets */ = {isa = PBXFileReference; lastKnownFileType = folder.assetcatalog; path = Assets.xcassets; sourceTree = "<group>"; };
		A0857245204A782A00776E6D /* Base */ = {isa = PBXFileReference; lastKnownFileType = file.storyboard; name = Base; path = Base.lproj/LaunchScreen.storyboard; sourceTree = "<group>"; };
		A0857247204A782A00776E6D /* Info.plist */ = {isa = PBXFileReference; lastKnownFileType = text.plist.xml; path = Info.plist; sourceTree = "<group>"; };
		A08B5E05204E6ECC00E13E0B /* UIColor.swift */ = {isa = PBXFileReference; lastKnownFileType = sourcecode.swift; path = UIColor.swift; sourceTree = "<group>"; };
		A0A5B6FD204A7CE100BFCB68 /* Storyboard.swift */ = {isa = PBXFileReference; lastKnownFileType = sourcecode.swift; path = Storyboard.swift; sourceTree = "<group>"; };
		A0A5B702204A85E400BFCB68 /* Word.swift */ = {isa = PBXFileReference; lastKnownFileType = sourcecode.swift; path = Word.swift; sourceTree = "<group>"; };
		A0A5B704204A869200BFCB68 /* AddWordViewController.swift */ = {isa = PBXFileReference; lastKnownFileType = sourcecode.swift; path = AddWordViewController.swift; sourceTree = "<group>"; };
		A0A5B706204A8E4B00BFCB68 /* AddWordViewModel.swift */ = {isa = PBXFileReference; lastKnownFileType = sourcecode.swift; path = AddWordViewModel.swift; sourceTree = "<group>"; };
		A0CF7FAB204B4ACC002FD348 /* History.swift */ = {isa = PBXFileReference; lastKnownFileType = sourcecode.swift; path = History.swift; sourceTree = "<group>"; };
		A0CF7FAD204B4B80002FD348 /* Storage.swift */ = {isa = PBXFileReference; lastKnownFileType = sourcecode.swift; path = Storage.swift; sourceTree = "<group>"; };
		A0CF7FAF204B4C22002FD348 /* Date.swift */ = {isa = PBXFileReference; lastKnownFileType = sourcecode.swift; path = Date.swift; sourceTree = "<group>"; };
		A0CF7FB1204B6224002FD348 /* HistoryViewModel.swift */ = {isa = PBXFileReference; lastKnownFileType = sourcecode.swift; path = HistoryViewModel.swift; sourceTree = "<group>"; };
		A0CF7FB7204B90F8002FD348 /* QuizViewController.swift */ = {isa = PBXFileReference; lastKnownFileType = sourcecode.swift; path = QuizViewController.swift; sourceTree = "<group>"; };
		A0EC0BB6204FC369000AC4A7 /* QuizViewModel.swift */ = {isa = PBXFileReference; lastKnownFileType = sourcecode.swift; path = QuizViewModel.swift; sourceTree = "<group>"; };
/* End PBXFileReference section */

/* Begin PBXFrameworksBuildPhase section */
		A0857233204A782A00776E6D /* Frameworks */ = {
			isa = PBXFrameworksBuildPhase;
			buildActionMask = 2147483647;
			files = (
				8B80317A93B1C79D10F7A7CE /* Pods_Lin.framework in Frameworks */,
			);
			runOnlyForDeploymentPostprocessing = 0;
		};
/* End PBXFrameworksBuildPhase section */

/* Begin PBXGroup section */
		6FC0FCA8F21D343D9C55AC55 /* Pods */ = {
			isa = PBXGroup;
			children = (
				786822D59A927A5DDD28FAEE /* Pods-Lin.debug.xcconfig */,
				1B1613FB7F2BD3CB0FC4978F /* Pods-Lin.release.xcconfig */,
			);
			name = Pods;
			sourceTree = "<group>";
		};
		A085722D204A782A00776E6D = {
			isa = PBXGroup;
			children = (
				A0857238204A782A00776E6D /* Lin */,
				A0857237204A782A00776E6D /* Products */,
				6FC0FCA8F21D343D9C55AC55 /* Pods */,
				D6F0FE9F39188306ACEE9263 /* Frameworks */,
			);
			sourceTree = "<group>";
		};
		A0857237204A782A00776E6D /* Products */ = {
			isa = PBXGroup;
			children = (
				A0857236204A782A00776E6D /* Lin.app */,
			);
			name = Products;
			sourceTree = "<group>";
		};
		A0857238204A782A00776E6D /* Lin */ = {
			isa = PBXGroup;
			children = (
				A0A5B701204A85CF00BFCB68 /* Model */,
				A0A5B6FC204A7CD100BFCB68 /* Library */,
				A0A5B6FA204A7B0A00BFCB68 /* Storyboards */,
				A0A5B6F8204A7AEC00BFCB68 /* ViewModels */,
				A0A5B6F7204A7AE300BFCB68 /* ViewControllers */,
				A0857239204A782A00776E6D /* AppDelegate.swift */,
				A0857242204A782A00776E6D /* Assets.xcassets */,
				A0857247204A782A00776E6D /* Info.plist */,
				A07526F4204FBE2200C997B1 /* GoogleService-Info.plist */,
			);
			path = Lin;
			sourceTree = "<group>";
		};
		A0A5B6F7204A7AE300BFCB68 /* ViewControllers */ = {
			isa = PBXGroup;
			children = (
				A014B6C1204AB7930053346A /* HistoryViewController.swift */,
				A0A5B704204A869200BFCB68 /* AddWordViewController.swift */,
				A014B6BD204A91DE0053346A /* WordListViewController.swift */,
				A0CF7FB7204B90F8002FD348 /* QuizViewController.swift */,
			);
			path = ViewControllers;
			sourceTree = "<group>";
		};
		A0A5B6F8204A7AEC00BFCB68 /* ViewModels */ = {
			isa = PBXGroup;
			children = (
				A0A5B706204A8E4B00BFCB68 /* AddWordViewModel.swift */,
				A014B6BF204A921C0053346A /* WordListViewModel.swift */,
				A0CF7FB1204B6224002FD348 /* HistoryViewModel.swift */,
				A0EC0BB6204FC369000AC4A7 /* QuizViewModel.swift */,
			);
			path = ViewModels;
			sourceTree = "<group>";
		};
		A0A5B6FA204A7B0A00BFCB68 /* Storyboards */ = {
			isa = PBXGroup;
			children = (
				A0857244204A782A00776E6D /* LaunchScreen.storyboard */,
				A085723F204A782A00776E6D /* Main.storyboard */,
			);
			path = Storyboards;
			sourceTree = "<group>";
		};
		A0A5B6FC204A7CD100BFCB68 /* Library */ = {
			isa = PBXGroup;
			children = (
				A0A5B6FD204A7CE100BFCB68 /* Storyboard.swift */,
				A0CF7FAF204B4C22002FD348 /* Date.swift */,
				A08B5E05204E6ECC00E13E0B /* UIColor.swift */,
			);
			path = Library;
			sourceTree = "<group>";
		};
		A0A5B701204A85CF00BFCB68 /* Model */ = {
			isa = PBXGroup;
			children = (
				A0A5B702204A85E400BFCB68 /* Word.swift */,
				A0CF7FAB204B4ACC002FD348 /* History.swift */,
				A0CF7FAD204B4B80002FD348 /* Storage.swift */,
			);
			path = Model;
			sourceTree = "<group>";
		};
		D6F0FE9F39188306ACEE9263 /* Frameworks */ = {
			isa = PBXGroup;
			children = (
				68F3A888D3EA06457FD00810 /* Pods_Lin.framework */,
			);
			name = Frameworks;
			sourceTree = "<group>";
		};
/* End PBXGroup section */

/* Begin PBXNativeTarget section */
		A0857235204A782A00776E6D /* Lin */ = {
			isa = PBXNativeTarget;
			buildConfigurationList = A085724A204A782A00776E6D /* Build configuration list for PBXNativeTarget "Lin" */;
			buildPhases = (
				AFD2F199289A0A1A4D010AA4 /* [CP] Check Pods Manifest.lock */,
				A0857232204A782A00776E6D /* Sources */,
				A0857233204A782A00776E6D /* Frameworks */,
				A0857234204A782A00776E6D /* Resources */,
				C75B901840C2E58D29E617DB /* [CP] Embed Pods Frameworks */,
				6391AD1F9D0C2730D296DA7F /* [CP] Copy Pods Resources */,
				A0A5B6FB204A7C6E00BFCB68 /* Swiftlint */,
			);
			buildRules = (
			);
			dependencies = (
			);
			name = Lin;
			productName = Lin;
			productReference = A0857236204A782A00776E6D /* Lin.app */;
			productType = "com.apple.product-type.application";
		};
/* End PBXNativeTarget section */

/* Begin PBXProject section */
		A085722E204A782A00776E6D /* Project object */ = {
			isa = PBXProject;
			attributes = {
				LastSwiftUpdateCheck = 0920;
				LastUpgradeCheck = 0920;
				ORGANIZATIONNAME = x52;
				TargetAttributes = {
					A0857235204A782A00776E6D = {
						CreatedOnToolsVersion = 9.2;
						ProvisioningStyle = Automatic;
					};
				};
			};
			buildConfigurationList = A0857231204A782A00776E6D /* Build configuration list for PBXProject "Lin" */;
			compatibilityVersion = "Xcode 8.0";
			developmentRegion = en;
			hasScannedForEncodings = 0;
			knownRegions = (
				en,
				Base,
			);
			mainGroup = A085722D204A782A00776E6D;
			productRefGroup = A0857237204A782A00776E6D /* Products */;
			projectDirPath = "";
			projectRoot = "";
			targets = (
				A0857235204A782A00776E6D /* Lin */,
			);
		};
/* End PBXProject section */

/* Begin PBXResourcesBuildPhase section */
		A0857234204A782A00776E6D /* Resources */ = {
			isa = PBXResourcesBuildPhase;
			buildActionMask = 2147483647;
			files = (
				A0857246204A782A00776E6D /* LaunchScreen.storyboard in Resources */,
				A07526F5204FBE2200C997B1 /* GoogleService-Info.plist in Resources */,
				A0857243204A782A00776E6D /* Assets.xcassets in Resources */,
				A0857241204A782A00776E6D /* Main.storyboard in Resources */,
			);
			runOnlyForDeploymentPostprocessing = 0;
		};
/* End PBXResourcesBuildPhase section */

/* Begin PBXShellScriptBuildPhase section */
		6391AD1F9D0C2730D296DA7F /* [CP] Copy Pods Resources */ = {
			isa = PBXShellScriptBuildPhase;
			buildActionMask = 2147483647;
			files = (
			);
			inputPaths = (
			);
			name = "[CP] Copy Pods Resources";
			outputPaths = (
			);
			runOnlyForDeploymentPostprocessing = 0;
			shellPath = /bin/sh;
			shellScript = "\"${SRCROOT}/Pods/Target Support Files/Pods-Lin/Pods-Lin-resources.sh\"\n";
			showEnvVarsInLog = 0;
		};
		A0A5B6FB204A7C6E00BFCB68 /* Swiftlint */ = {
			isa = PBXShellScriptBuildPhase;
			buildActionMask = 2147483647;
			files = (
			);
			inputPaths = (
			);
			name = Swiftlint;
			outputPaths = (
			);
			runOnlyForDeploymentPostprocessing = 0;
			shellPath = /bin/sh;
			shellScript = "${PODS_ROOT}/SwiftLint/swiftlint";
		};
		AFD2F199289A0A1A4D010AA4 /* [CP] Check Pods Manifest.lock */ = {
			isa = PBXShellScriptBuildPhase;
			buildActionMask = 2147483647;
			files = (
			);
			inputPaths = (
				"${PODS_PODFILE_DIR_PATH}/Podfile.lock",
				"${PODS_ROOT}/Manifest.lock",
			);
			name = "[CP] Check Pods Manifest.lock";
			outputPaths = (
				"$(DERIVED_FILE_DIR)/Pods-Lin-checkManifestLockResult.txt",
			);
			runOnlyForDeploymentPostprocessing = 0;
			shellPath = /bin/sh;
			shellScript = "diff \"${PODS_PODFILE_DIR_PATH}/Podfile.lock\" \"${PODS_ROOT}/Manifest.lock\" > /dev/null\nif [ $? != 0 ] ; then\n    # print error to STDERR\n    echo \"error: The sandbox is not in sync with the Podfile.lock. Run 'pod install' or update your CocoaPods installation.\" >&2\n    exit 1\nfi\n# This output is used by Xcode 'outputs' to avoid re-running this script phase.\necho \"SUCCESS\" > \"${SCRIPT_OUTPUT_FILE_0}\"\n";
			showEnvVarsInLog = 0;
		};
		C75B901840C2E58D29E617DB /* [CP] Embed Pods Frameworks */ = {
			isa = PBXShellScriptBuildPhase;
			buildActionMask = 2147483647;
			files = (
			);
			inputPaths = (
				"${SRCROOT}/Pods/Target Support Files/Pods-Lin/Pods-Lin-frameworks.sh",
				"${BUILT_PRODUCTS_DIR}/GoogleToolboxForMac/GoogleToolboxForMac.framework",
				"${BUILT_PRODUCTS_DIR}/ReactiveCocoa/ReactiveCocoa.framework",
				"${BUILT_PRODUCTS_DIR}/ReactiveSwift/ReactiveSwift.framework",
				"${BUILT_PRODUCTS_DIR}/Result/Result.framework",
				"${BUILT_PRODUCTS_DIR}/Snakepit/Snakepit.framework",
				"${BUILT_PRODUCTS_DIR}/nanopb/nanopb.framework",
			);
			name = "[CP] Embed Pods Frameworks";
			outputPaths = (
				"${TARGET_BUILD_DIR}/${FRAMEWORKS_FOLDER_PATH}/GoogleToolboxForMac.framework",
				"${TARGET_BUILD_DIR}/${FRAMEWORKS_FOLDER_PATH}/ReactiveCocoa.framework",
				"${TARGET_BUILD_DIR}/${FRAMEWORKS_FOLDER_PATH}/ReactiveSwift.framework",
				"${TARGET_BUILD_DIR}/${FRAMEWORKS_FOLDER_PATH}/Result.framework",
				"${TARGET_BUILD_DIR}/${FRAMEWORKS_FOLDER_PATH}/Snakepit.framework",
				"${TARGET_BUILD_DIR}/${FRAMEWORKS_FOLDER_PATH}/nanopb.framework",
			);
			runOnlyForDeploymentPostprocessing = 0;
			shellPath = /bin/sh;
			shellScript = "\"${SRCROOT}/Pods/Target Support Files/Pods-Lin/Pods-Lin-frameworks.sh\"\n";
			showEnvVarsInLog = 0;
		};
/* End PBXShellScriptBuildPhase section */

/* Begin PBXSourcesBuildPhase section */
		A0857232204A782A00776E6D /* Sources */ = {
			isa = PBXSourcesBuildPhase;
			buildActionMask = 2147483647;
			files = (
				A0CF7FAC204B4ACC002FD348 /* History.swift in Sources */,
				A08B5E06204E6ECC00E13E0B /* UIColor.swift in Sources */,
				A085723A204A782A00776E6D /* AppDelegate.swift in Sources */,
				A0EC0BB7204FC369000AC4A7 /* QuizViewModel.swift in Sources */,
				A0A5B6FE204A7CE100BFCB68 /* Storyboard.swift in Sources */,
				A014B6BE204A91DE0053346A /* WordListViewController.swift in Sources */,
				A0A5B705204A869200BFCB68 /* AddWordViewController.swift in Sources */,
				A014B6C0204A921C0053346A /* WordListViewModel.swift in Sources */,
				A0A5B703204A85E400BFCB68 /* Word.swift in Sources */,
				A0CF7FB2204B6224002FD348 /* HistoryViewModel.swift in Sources */,
				A0CF7FB8204B90F8002FD348 /* QuizViewController.swift in Sources */,
				A0A5B707204A8E4B00BFCB68 /* AddWordViewModel.swift in Sources */,
				A0CF7FB0204B4C22002FD348 /* Date.swift in Sources */,
				A014B6C2204AB7930053346A /* HistoryViewController.swift in Sources */,
				A0CF7FAE204B4B80002FD348 /* Storage.swift in Sources */,
			);
			runOnlyForDeploymentPostprocessing = 0;
		};
/* End PBXSourcesBuildPhase section */

/* Begin PBXVariantGroup section */
		A085723F204A782A00776E6D /* Main.storyboard */ = {
			isa = PBXVariantGroup;
			children = (
				A0857240204A782A00776E6D /* Base */,
			);
			name = Main.storyboard;
			sourceTree = "<group>";
		};
		A0857244204A782A00776E6D /* LaunchScreen.storyboard */ = {
			isa = PBXVariantGroup;
			children = (
				A0857245204A782A00776E6D /* Base */,
			);
			name = LaunchScreen.storyboard;
			sourceTree = "<group>";
		};
/* End PBXVariantGroup section */

/* Begin XCBuildConfiguration section */
		A0857248204A782A00776E6D /* Debug */ = {
			isa = XCBuildConfiguration;
			buildSettings = {
				ALWAYS_SEARCH_USER_PATHS = NO;
				CLANG_ANALYZER_NONNULL = YES;
				CLANG_ANALYZER_NUMBER_OBJECT_CONVERSION = YES_AGGRESSIVE;
				CLANG_CXX_LANGUAGE_STANDARD = "gnu++14";
				CLANG_CXX_LIBRARY = "libc++";
				CLANG_ENABLE_MODULES = YES;
				CLANG_ENABLE_OBJC_ARC = YES;
				CLANG_WARN_BLOCK_CAPTURE_AUTORELEASING = YES;
				CLANG_WARN_BOOL_CONVERSION = YES;
				CLANG_WARN_COMMA = YES;
				CLANG_WARN_CONSTANT_CONVERSION = YES;
				CLANG_WARN_DIRECT_OBJC_ISA_USAGE = YES_ERROR;
				CLANG_WARN_DOCUMENTATION_COMMENTS = YES;
				CLANG_WARN_EMPTY_BODY = YES;
				CLANG_WARN_ENUM_CONVERSION = YES;
				CLANG_WARN_INFINITE_RECURSION = YES;
				CLANG_WARN_INT_CONVERSION = YES;
				CLANG_WARN_NON_LITERAL_NULL_CONVERSION = YES;
				CLANG_WARN_OBJC_LITERAL_CONVERSION = YES;
				CLANG_WARN_OBJC_ROOT_CLASS = YES_ERROR;
				CLANG_WARN_RANGE_LOOP_ANALYSIS = YES;
				CLANG_WARN_STRICT_PROTOTYPES = YES;
				CLANG_WARN_SUSPICIOUS_MOVE = YES;
				CLANG_WARN_UNGUARDED_AVAILABILITY = YES_AGGRESSIVE;
				CLANG_WARN_UNREACHABLE_CODE = YES;
				CLANG_WARN__DUPLICATE_METHOD_MATCH = YES;
				CODE_SIGN_IDENTITY = "iPhone Developer";
				COPY_PHASE_STRIP = NO;
				DEBUG_INFORMATION_FORMAT = dwarf;
				ENABLE_STRICT_OBJC_MSGSEND = YES;
				ENABLE_TESTABILITY = YES;
				GCC_C_LANGUAGE_STANDARD = gnu11;
				GCC_DYNAMIC_NO_PIC = NO;
				GCC_NO_COMMON_BLOCKS = YES;
				GCC_OPTIMIZATION_LEVEL = 0;
				GCC_PREPROCESSOR_DEFINITIONS = (
					"DEBUG=1",
					"$(inherited)",
				);
				GCC_WARN_64_TO_32_BIT_CONVERSION = YES;
				GCC_WARN_ABOUT_RETURN_TYPE = YES_ERROR;
				GCC_WARN_UNDECLARED_SELECTOR = YES;
				GCC_WARN_UNINITIALIZED_AUTOS = YES_AGGRESSIVE;
				GCC_WARN_UNUSED_FUNCTION = YES;
				GCC_WARN_UNUSED_VARIABLE = YES;
				IPHONEOS_DEPLOYMENT_TARGET = 11.2;
				MTL_ENABLE_DEBUG_INFO = YES;
				ONLY_ACTIVE_ARCH = YES;
				SDKROOT = iphoneos;
				SWIFT_ACTIVE_COMPILATION_CONDITIONS = DEBUG;
				SWIFT_OPTIMIZATION_LEVEL = "-Onone";
			};
			name = Debug;
		};
		A0857249204A782A00776E6D /* Release */ = {
			isa = XCBuildConfiguration;
			buildSettings = {
				ALWAYS_SEARCH_USER_PATHS = NO;
				CLANG_ANALYZER_NONNULL = YES;
				CLANG_ANALYZER_NUMBER_OBJECT_CONVERSION = YES_AGGRESSIVE;
				CLANG_CXX_LANGUAGE_STANDARD = "gnu++14";
				CLANG_CXX_LIBRARY = "libc++";
				CLANG_ENABLE_MODULES = YES;
				CLANG_ENABLE_OBJC_ARC = YES;
				CLANG_WARN_BLOCK_CAPTURE_AUTORELEASING = YES;
				CLANG_WARN_BOOL_CONVERSION = YES;
				CLANG_WARN_COMMA = YES;
				CLANG_WARN_CONSTANT_CONVERSION = YES;
				CLANG_WARN_DIRECT_OBJC_ISA_USAGE = YES_ERROR;
				CLANG_WARN_DOCUMENTATION_COMMENTS = YES;
				CLANG_WARN_EMPTY_BODY = YES;
				CLANG_WARN_ENUM_CONVERSION = YES;
				CLANG_WARN_INFINITE_RECURSION = YES;
				CLANG_WARN_INT_CONVERSION = YES;
				CLANG_WARN_NON_LITERAL_NULL_CONVERSION = YES;
				CLANG_WARN_OBJC_LITERAL_CONVERSION = YES;
				CLANG_WARN_OBJC_ROOT_CLASS = YES_ERROR;
				CLANG_WARN_RANGE_LOOP_ANALYSIS = YES;
				CLANG_WARN_STRICT_PROTOTYPES = YES;
				CLANG_WARN_SUSPICIOUS_MOVE = YES;
				CLANG_WARN_UNGUARDED_AVAILABILITY = YES_AGGRESSIVE;
				CLANG_WARN_UNREACHABLE_CODE = YES;
				CLANG_WARN__DUPLICATE_METHOD_MATCH = YES;
				CODE_SIGN_IDENTITY = "iPhone Developer";
				COPY_PHASE_STRIP = NO;
				DEBUG_INFORMATION_FORMAT = "dwarf-with-dsym";
				ENABLE_NS_ASSERTIONS = NO;
				ENABLE_STRICT_OBJC_MSGSEND = YES;
				GCC_C_LANGUAGE_STANDARD = gnu11;
				GCC_NO_COMMON_BLOCKS = YES;
				GCC_WARN_64_TO_32_BIT_CONVERSION = YES;
				GCC_WARN_ABOUT_RETURN_TYPE = YES_ERROR;
				GCC_WARN_UNDECLARED_SELECTOR = YES;
				GCC_WARN_UNINITIALIZED_AUTOS = YES_AGGRESSIVE;
				GCC_WARN_UNUSED_FUNCTION = YES;
				GCC_WARN_UNUSED_VARIABLE = YES;
				IPHONEOS_DEPLOYMENT_TARGET = 11.2;
				MTL_ENABLE_DEBUG_INFO = NO;
				SDKROOT = iphoneos;
				SWIFT_OPTIMIZATION_LEVEL = "-Owholemodule";
				VALIDATE_PRODUCT = YES;
			};
			name = Release;
		};
		A085724B204A782A00776E6D /* Debug */ = {
			isa = XCBuildConfiguration;
			baseConfigurationReference = 786822D59A927A5DDD28FAEE /* Pods-Lin.debug.xcconfig */;
			buildSettings = {
				ASSETCATALOG_COMPILER_APPICON_NAME = AppIcon;
				CODE_SIGN_STYLE = Automatic;
				DEVELOPMENT_TEAM = 46GF7TV564;
				INFOPLIST_FILE = Lin/Info.plist;
				IPHONEOS_DEPLOYMENT_TARGET = 10.0;
				LD_RUNPATH_SEARCH_PATHS = "$(inherited) @executable_path/Frameworks";
				PRODUCT_BUNDLE_IDENTIFIER = com.x52.ios.Lin;
				PRODUCT_NAME = "$(TARGET_NAME)";
				SWIFT_VERSION = 4.0;
				TARGETED_DEVICE_FAMILY = "1,2";
			};
			name = Debug;
		};
		A085724C204A782A00776E6D /* Release */ = {
			isa = XCBuildConfiguration;
			baseConfigurationReference = 1B1613FB7F2BD3CB0FC4978F /* Pods-Lin.release.xcconfig */;
			buildSettings = {
				ASSETCATALOG_COMPILER_APPICON_NAME = AppIcon;
				CODE_SIGN_STYLE = Automatic;
				DEVELOPMENT_TEAM = 46GF7TV564;
				INFOPLIST_FILE = Lin/Info.plist;
				IPHONEOS_DEPLOYMENT_TARGET = 10.0;
				LD_RUNPATH_SEARCH_PATHS = "$(inherited) @executable_path/Frameworks";
				PRODUCT_BUNDLE_IDENTIFIER = com.x52.ios.Lin;
				PRODUCT_NAME = "$(TARGET_NAME)";
				SWIFT_VERSION = 4.0;
				TARGETED_DEVICE_FAMILY = "1,2";
			};
			name = Release;
		};
/* End XCBuildConfiguration section */

/* Begin XCConfigurationList section */
		A0857231204A782A00776E6D /* Build configuration list for PBXProject "Lin" */ = {
			isa = XCConfigurationList;
			buildConfigurations = (
				A0857248204A782A00776E6D /* Debug */,
				A0857249204A782A00776E6D /* Release */,
			);
			defaultConfigurationIsVisible = 0;
			defaultConfigurationName = Release;
		};
		A085724A204A782A00776E6D /* Build configuration list for PBXNativeTarget "Lin" */ = {
			isa = XCConfigurationList;
			buildConfigurations = (
				A085724B204A782A00776E6D /* Debug */,
				A085724C204A782A00776E6D /* Release */,
			);
			defaultConfigurationIsVisible = 0;
			defaultConfigurationName = Release;
		};
/* End XCConfigurationList section */
	};
	rootObject = A085722E204A782A00776E6D /* Project object */;
}
